
Microsoft Visual Studio Solution File, Format Version 12.00
# Visual Studio Version 17
VisualStudioVersion = 17.3.32929.385
MinimumVisualStudioVersion = 10.0.40219.1
Project("{9A19103F-16F7-4668-BE54-9A1E7A4F7556}") = "ObserwerOfertyPracy", "ObserwerOfertyPracy.csproj", "{89104A1C-A074-4E81-BB52-CE8A301631E2}"
EndProject
Global
	GlobalSection(SolutionConfigurationPlatforms) = preSolution
		Debug|Any CPU = Debug|Any CPU
		Release|Any CPU = Release|Any CPU
	EndGlobalSection
	GlobalSection(ProjectConfigurationPlatforms) = postSolution
		{89104A1C-A074-4E81-BB52-CE8A301631E2}.Debug|Any CPU.ActiveCfg = Debug|Any CPU
		{89104A1C-A074-4E81-BB52-CE8A301631E2}.Debug|Any CPU.Build.0 = Debug|Any CPU
		{89104A1C-A074-4E81-BB52-CE8A301631E2}.Release|Any CPU.ActiveCfg = Release|Any CPU
		{89104A1C-A074-4E81-BB52-CE8A301631E2}.Release|Any CPU.Build.0 = Release|Any CPU
	EndGlobalSection
	GlobalSection(SolutionProperties) = preSolution
		HideSolutionNode = FALSE
	EndGlobalSection
	GlobalSection(ExtensibilityGlobals) = postSolution
		SolutionGuid = {BDC19A21-91A0-44DD-8A11-FE15AE988633}
	EndGlobalSection
EndGlobal
